github.com/google/go-cmp v0.5.5 h1:Khx7svrCpmxxtHBq5j2mp/xVjsi8hQMfNLvJFAlrGgU=
github.com/google/go-cmp v0.5.5/go.mod h1:v8dTdLbMG2kIc/vJvl+f65V22dbkXbowE6jgT/gNBxE=
github.com/leep-frog/command v0.0.0-20211207142548-1d5fb4e3e890 h1:H0fXqqi3GfNMh/CbR3hEmhtLCyOfoEIQ6kUS+0hbBJU=
github.com/leep-frog/command v0.0.0-20211207142548-1d5fb4e3e890/go.mod h1:ir5/yEP+6f6CQa4NivSdA1lPeyq+nouR7WjSfdXnL8g=
github.com/leep-frog/command v0.0.0-20211208131633-9f8af194cc8a h1:W3Cs8tLGKPmgZy1TLJHb6pr7U6DSVqqAPWvcXcyOLcg=
github.com/leep-frog/command v0.0.0-20211208131633-9f8af194cc8a/go.mod h1:ir5/yEP+6f6CQa4NivSdA1lPeyq+nouR7WjSfdXnL8g=
github.com/leep-frog/command v0.0.0-20211219020917-ce20a6f277fc h1:qjcX0enmPzY7E1mRbkpacjrLVs76Qfqa5Ndia3KbQFE=
github.com/leep-frog/command v0.0.0-20211219020917-ce20a6f277fc/go.mod h1:ir5/yEP+6f6CQa4NivSdA1lPeyq+nouR7WjSfdXnL8g=
github.com/leep-frog/command v0.0.0-20211231021627-6fe6dda8ca79 h1:FykUK4boRlFnw0yXoavBFDIY2PzeFnA30uHHEGBF/V0=
github.com/leep-frog/command v0.0.0-20211231021627-6fe6dda8ca79/go.mod h1:ir5/yEP+6f6CQa4NivSdA1lPeyq+nouR7WjSfdXnL8g=
github.com/leep-frog/command v0.0.0-20211231131522-bc84a2cb9adc h1:HHeny66tX9Dy8oETd0jg/zPIBRsorFGQ9cGbcM7aB3s=
github.com/leep-frog/command v0.0.0-20211231131522-bc84a2cb9adc/go.mod h1:ir5/yEP+6f6CQa4NivSdA1lPeyq+nouR7WjSfdXnL8g=
github.com/leep-frog/command v0.0.0-20220107005351-aad2cb3d42f4 h1:fNAWdqa1RQ+x2kXo1y6MQQBi5UrSgfFg9De/D0XHNWw=
github.com/leep-frog/command v0.0.0-20220107005351-aad2cb3d42f4/go.mod h1:ir5/yEP+6f6CQa4NivSdA1lPeyq+nouR7WjSfdXnL8g=
github.com/leep-frog/command v0.0.0-20220112013257-1422309dd2f4 h1:vzCEQ5OI/mdi4a8FoatGMpRC/pWQebWJlYjobJV55x8=
github.com/leep-frog/command v0.0.0-20220112013257-1422309dd2f4/go.mod h1:ir5/yEP+6f6CQa4NivSdA1lPeyq+nouR7WjSfdXnL8g=
github.com/leep-frog/command v0.0.0-20220112151342-7fe90023cb19 h1:g8BqiL1H4XS//k0e70im+a/BruhnSSp2gzG3v23Drtc=
github.com/leep-frog/command v0.0.0-20220112151342-7fe90023cb19/go.mod h1:ir5/yEP+6f6CQa4NivSdA1lPeyq+nouR7WjSfdXnL8g=
github.com/leep-frog/command v0.0.0-20220112211106-68de9dd0bf89 h1:NujfjhbU9yXfP5UqQbyD4IL4v2IOnjldNMifKRMYyME=
github.com/leep-frog/command v0.0.0-20220112211106-68de9dd0bf89/go.mod h1:ir5/yEP+6f6CQa4NivSdA1lPeyq+nouR7WjSfdXnL8g=
github.com/leep-frog/command v0.0.0-20220121191544-e63808c1fae4 h1:CF1eedE+MhNPim680YTaZUCG3VlxbFKHaX26Xzn0TzI=
github.com/leep-frog/command v0.0.0-20220121191544-e63808c1fae4/go.mod h1:u8VAqAZpazWvSHp5wlOjmLTl3iK6TV/+UK/zTZREXdQ=
github.com/leep-frog/command v0.0.0-20220121213051-8af0ea61b994 h1:QtP+WDBsxpC6HbOjdMwdhNQRTsMwS7Q3L8vb95RNMfs=
github.com/leep-frog/command v0.0.0-20220121213051-8af0ea61b994/go.mod h1:OzQO2ZTajdJFOAuNdry7N0CzRnW3BAnBGMVGC3pWQ3I=
github.com/leep-frog/command v0.0.0-20220121220312-829c3c0cd7ed h1:gMTSlWSCDqTu3lDNO/CFELyXsYTX3snGmvyZhVCNRY4=
github.com/leep-frog/command v0.0.0-20220121220312-829c3c0cd7ed/go.mod h1:OzQO2ZTajdJFOAuNdry7N0CzRnW3BAnBGMVGC3pWQ3I=
github.com/leep-frog/command v0.0.0-20220122021140-5e4b5bc0b0d3 h1:0kOYtChFpQSXvUZSanRFcp3A/608cETbtku9TW5UhSY=
github.com/leep-frog/command v0.0.0-20220122021140-5e4b5bc0b0d3/go.mod h1:OzQO2ZTajdJFOAuNdry7N0CzRnW3BAnBGMVGC3pWQ3I=
golang.org/x/xerrors v0.0.0-20191204190536-9bdfabe68543 h1:E7g+9GITq07hpfrRu66IVDexMakfv52eLZ2CXBWiKr4=
golang.org/x/xerrors v0.0.0-20191204190536-9bdfabe68543/go.mod h1:I/5z698sn9Ka8TeJc9MKroUUfqBBauWjQqLJ2OPfmY0=
